
Microsoft Visual Studio Solution File, Format Version 12.00
# Visual Studio 15
Project("{FAE04EC0-301F-11D3-BF4B-00C04F79EFBC}") = "BeatSnake", "Assembly-CSharp.csproj", "{36E33881-70CA-9F5C-C81C-5A7AFD142E59}"
EndProject
Global
	GlobalSection(SolutionConfigurationPlatforms) = preSolution
		Debug|Any CPU = Debug|Any CPU
		Release|Any CPU = Release|Any CPU
	EndGlobalSection
	GlobalSection(ProjectConfigurationPlatforms) = postSolution
		{36E33881-70CA-9F5C-C81C-5A7AFD142E59}.Debug|Any CPU.ActiveCfg = Debug|Any CPU
		{36E33881-70CA-9F5C-C81C-5A7AFD142E59}.Debug|Any CPU.Build.0 = Debug|Any CPU
		{36E33881-70CA-9F5C-C81C-5A7AFD142E59}.Release|Any CPU.ActiveCfg = Release|Any CPU
		{36E33881-70CA-9F5C-C81C-5A7AFD142E59}.Release|Any CPU.Build.0 = Release|Any CPU
	EndGlobalSection
	GlobalSection(SolutionProperties) = preSolution
		HideSolutionNode = FALSE
	EndGlobalSection
EndGlobal
